
Microsoft Visual Studio Solution File, Format Version 12.00
# Visual Studio Version 17
VisualStudioVersion = 17.14.37710.0
MinimumVisualStudioVersion = 10.0.40219.1
Project("{FAE04EC0-301F-11D3-BF4B-00C04F79EFBC}") = "DeezCosmetx", "DeezCosmetx.csproj", "{8E64D185-0893-94A2-9007-5CB8AC01A607}"
EndProject
Global
	GlobalSection(SolutionConfigurationPlatforms) = preSolution
		Debug|Any CPU = Debug|Any CPU
		Release|Any CPU = Release|Any CPU
	EndGlobalSection
	GlobalSection(ProjectConfigurationPlatforms) = postSolution
		{8E64D185-0893-94A2-9007-5CB8AC01A607}.Debug|Any CPU.ActiveCfg = Debug|Any CPU
		{8E64D185-0893-94A2-9007-5CB8AC01A607}.Debug|Any CPU.Build.0 = Debug|Any CPU
		{8E64D185-0893-94A2-9007-5CB8AC01A607}.Release|Any CPU.ActiveCfg = Release|Any CPU
		{8E64D185-0893-94A2-9007-5CB8AC01A607}.Release|Any CPU.Build.0 = Release|Any CPU
	EndGlobalSection
	GlobalSection(SolutionProperties) = preSolution
		HideSolutionNode = FALSE
	EndGlobalSection
	GlobalSection(ExtensibilityGlobals) = postSolution
		SolutionGuid = {05EC5235-22FA-4F1C-9ADA-A3CA0E104601}
	EndGlobalSection
EndGlobal
